// !$*UTF8*$!
{
	archiveVersion = 1;
	classes = {
	};
	objectVersion = 55;
	objects = {

/* Begin PBXBuildFile section */
		7A641E5D2868F571003F4C41 /* RecipeWebView.swift in Sources */ = {isa = PBXBuildFile; fileRef = 7A641E5C2868F571003F4C41 /* RecipeWebView.swift */; };
		7A641E612869562C003F4C41 /* SavedRecipe.swift in Sources */ = {isa = PBXBuildFile; fileRef = 7A641E602869562C003F4C41 /* SavedRecipe.swift */; };
		7A6E409C2851203000BEBB1C /* iDonateApp.swift in Sources */ = {isa = PBXBuildFile; fileRef = 7A6E409B2851203000BEBB1C /* iDonateApp.swift */; };
		7A6E409E2851203000BEBB1C /* ContentView.swift in Sources */ = {isa = PBXBuildFile; fileRef = 7A6E409D2851203000BEBB1C /* ContentView.swift */; };
		7A6E40A02851203200BEBB1C /* Assets.xcassets in Resources */ = {isa = PBXBuildFile; fileRef = 7A6E409F2851203200BEBB1C /* Assets.xcassets */; };
		7A6E40A32851203200BEBB1C /* Preview Assets.xcassets in Resources */ = {isa = PBXBuildFile; fileRef = 7A6E40A22851203200BEBB1C /* Preview Assets.xcassets */; };
		7A6E40AD2851203300BEBB1C /* iDonateTests.swift in Sources */ = {isa = PBXBuildFile; fileRef = 7A6E40AC2851203300BEBB1C /* iDonateTests.swift */; };
		7A6E40B72851203300BEBB1C /* iDonateUITests.swift in Sources */ = {isa = PBXBuildFile; fileRef = 7A6E40B62851203300BEBB1C /* iDonateUITests.swift */; };
		7A6E40B92851203300BEBB1C /* iDonateUITestsLaunchTests.swift in Sources */ = {isa = PBXBuildFile; fileRef = 7A6E40B82851203300BEBB1C /* iDonateUITestsLaunchTests.swift */; };
		7A6E40C62851206A00BEBB1C /* .gitignore in Resources */ = {isa = PBXBuildFile; fileRef = 7A6E40C52851206A00BEBB1C /* .gitignore */; };
		7A6E40C82851209900BEBB1C /* .gitattributes in Resources */ = {isa = PBXBuildFile; fileRef = 7A6E40C72851209900BEBB1C /* .gitattributes */; };
		7A6E40CA285122A600BEBB1C /* FoodRecommendations.swift in Sources */ = {isa = PBXBuildFile; fileRef = 7A6E40C9285122A600BEBB1C /* FoodRecommendations.swift */; };
		7A6E41022856C5A700BEBB1C /* FoodData.swift in Sources */ = {isa = PBXBuildFile; fileRef = 7A6E41012856C5A600BEBB1C /* FoodData.swift */; };
		7A6E41062856E8A800BEBB1C /* Recipe.swift in Sources */ = {isa = PBXBuildFile; fileRef = 7A6E41052856E8A800BEBB1C /* Recipe.swift */; };
		7A6E4108285A606300BEBB1C /* RecommendationDisplay.swift in Sources */ = {isa = PBXBuildFile; fileRef = 7A6E4107285A606300BEBB1C /* RecommendationDisplay.swift */; };
/* End PBXBuildFile section */

/* Begin PBXContainerItemProxy section */
		7A6E40A92851203300BEBB1C /* PBXContainerItemProxy */ = {
			isa = PBXContainerItemProxy;
			containerPortal = 7A6E40902851203000BEBB1C /* Project object */;
			proxyType = 1;
			remoteGlobalIDString = 7A6E40972851203000BEBB1C;
			remoteInfo = iDonate;
		};
		7A6E40B32851203300BEBB1C /* PBXContainerItemProxy */ = {
			isa = PBXContainerItemProxy;
			containerPortal = 7A6E40902851203000BEBB1C /* Project object */;
			proxyType = 1;
			remoteGlobalIDString = 7A6E40972851203000BEBB1C;
			remoteInfo = iDonate;
		};
/* End PBXContainerItemProxy section */

/* Begin PBXFileReference section */
		7A641E5C2868F571003F4C41 /* RecipeWebView.swift */ = {isa = PBXFileReference; lastKnownFileType = sourcecode.swift; path = RecipeWebView.swift; sourceTree = "<group>"; };
		7A641E602869562C003F4C41 /* SavedRecipe.swift */ = {isa = PBXFileReference; fileEncoding = 4; lastKnownFileType = sourcecode.swift; path = SavedRecipe.swift; sourceTree = "<group>"; };
		7A6E40982851203000BEBB1C /* iDonate.app */ = {isa = PBXFileReference; explicitFileType = wrapper.application; includeInIndex = 0; path = iDonate.app; sourceTree = BUILT_PRODUCTS_DIR; };
		7A6E409B2851203000BEBB1C /* iDonateApp.swift */ = {isa = PBXFileReference; lastKnownFileType = sourcecode.swift; path = iDonateApp.swift; sourceTree = "<group>"; };
		7A6E409D2851203000BEBB1C /* ContentView.swift */ = {isa = PBXFileReference; lastKnownFileType = sourcecode.swift; path = ContentView.swift; sourceTree = "<group>"; };
		7A6E409F2851203200BEBB1C /* Assets.xcassets */ = {isa = PBXFileReference; lastKnownFileType = folder.assetcatalog; path = Assets.xcassets; sourceTree = "<group>"; };
		7A6E40A22851203200BEBB1C /* Preview Assets.xcassets */ = {isa = PBXFileReference; lastKnownFileType = folder.assetcatalog; path = "Preview Assets.xcassets"; sourceTree = "<group>"; };
		7A6E40A82851203300BEBB1C /* iDonateTests.xctest */ = {isa = PBXFileReference; explicitFileType = wrapper.cfbundle; includeInIndex = 0; path = iDonateTests.xctest; sourceTree = BUILT_PRODUCTS_DIR; };
		7A6E40AC2851203300BEBB1C /* iDonateTests.swift */ = {isa = PBXFileReference; lastKnownFileType = sourcecode.swift; path = iDonateTests.swift; sourceTree = "<group>"; };
		7A6E40B22851203300BEBB1C /* iDonateUITests.xctest */ = {isa = PBXFileReference; explicitFileType = wrapper.cfbundle; includeInIndex = 0; path = iDonateUITests.xctest; sourceTree = BUILT_PRODUCTS_DIR; };
		7A6E40B62851203300BEBB1C /* iDonateUITests.swift */ = {isa = PBXFileReference; lastKnownFileType = sourcecode.swift; path = iDonateUITests.swift; sourceTree = "<group>"; };
		7A6E40B82851203300BEBB1C /* iDonateUITestsLaunchTests.swift */ = {isa = PBXFileReference; lastKnownFileType = sourcecode.swift; path = iDonateUITestsLaunchTests.swift; sourceTree = "<group>"; };
		7A6E40C52851206A00BEBB1C /* .gitignore */ = {isa = PBXFileReference; lastKnownFileType = text; path = .gitignore; sourceTree = "<group>"; };
		7A6E40C72851209900BEBB1C /* .gitattributes */ = {isa = PBXFileReference; lastKnownFileType = text; path = .gitattributes; sourceTree = "<group>"; };
		7A6E40C9285122A600BEBB1C /* FoodRecommendations.swift */ = {isa = PBXFileReference; lastKnownFileType = sourcecode.swift; path = FoodRecommendations.swift; sourceTree = "<group>"; };
		7A6E41012856C5A600BEBB1C /* FoodData.swift */ = {isa = PBXFileReference; lastKnownFileType = sourcecode.swift; path = FoodData.swift; sourceTree = "<group>"; };
		7A6E41052856E8A800BEBB1C /* Recipe.swift */ = {isa = PBXFileReference; lastKnownFileType = sourcecode.swift; path = Recipe.swift; sourceTree = "<group>"; };
		7A6E4107285A606300BEBB1C /* RecommendationDisplay.swift */ = {isa = PBXFileReference; lastKnownFileType = sourcecode.swift; path = RecommendationDisplay.swift; sourceTree = "<group>"; };
/* End PBXFileReference section */

/* Begin PBXFrameworksBuildPhase section */
		7A6E40952851203000BEBB1C /* Frameworks */ = {
			isa = PBXFrameworksBuildPhase;
			buildActionMask = 2147483647;
			files = (
			);
			runOnlyForDeploymentPostprocessing = 0;
		};
		7A6E40A52851203300BEBB1C /* Frameworks */ = {
			isa = PBXFrameworksBuildPhase;
			buildActionMask = 2147483647;
			files = (
			);
			runOnlyForDeploymentPostprocessing = 0;
		};
		7A6E40AF2851203300BEBB1C /* Frameworks */ = {
			isa = PBXFrameworksBuildPhase;
			buildActionMask = 2147483647;
			files = (
			);
			runOnlyForDeploymentPostprocessing = 0;
		};
/* End PBXFrameworksBuildPhase section */

/* Begin PBXGroup section */
		7A6E408F2851203000BEBB1C = {
			isa = PBXGroup;
			children = (
				7A6E40C72851209900BEBB1C /* .gitattributes */,
				7A6E40C52851206A00BEBB1C /* .gitignore */,
				7A6E409A2851203000BEBB1C /* iDonate */,
				7A6E40AB2851203300BEBB1C /* iDonateTests */,
				7A6E40B52851203300BEBB1C /* iDonateUITests */,
				7A6E40992851203000BEBB1C /* Products */,
			);
			sourceTree = "<group>";
		};
		7A6E40992851203000BEBB1C /* Products */ = {
			isa = PBXGroup;
			children = (
				7A6E40982851203000BEBB1C /* iDonate.app */,
				7A6E40A82851203300BEBB1C /* iDonateTests.xctest */,
				7A6E40B22851203300BEBB1C /* iDonateUITests.xctest */,
			);
			name = Products;
			sourceTree = "<group>";
		};
		7A6E409A2851203000BEBB1C /* iDonate */ = {
			isa = PBXGroup;
			children = (
				7A6E409B2851203000BEBB1C /* iDonateApp.swift */,
				7A6E409D2851203000BEBB1C /* ContentView.swift */,
				7A6E409F2851203200BEBB1C /* Assets.xcassets */,
				7A6E40A12851203200BEBB1C /* Preview Content */,
				7A6E40C9285122A600BEBB1C /* FoodRecommendations.swift */,
				7A6E41012856C5A600BEBB1C /* FoodData.swift */,
				7A6E41052856E8A800BEBB1C /* Recipe.swift */,
				7A641E602869562C003F4C41 /* SavedRecipe.swift */,
				7A6E4107285A606300BEBB1C /* RecommendationDisplay.swift */,
				7A641E5C2868F571003F4C41 /* RecipeWebView.swift */,
			);
			path = iDonate;
			sourceTree = "<group>";
		};
		7A6E40A12851203200BEBB1C /* Preview Content */ = {
			isa = PBXGroup;
			children = (
				7A6E40A22851203200BEBB1C /* Preview Assets.xcassets */,
			);
			path = "Preview Content";
			sourceTree = "<group>";
		};
		7A6E40AB2851203300BEBB1C /* iDonateTests */ = {
			isa = PBXGroup;
			children = (
				7A6E40AC2851203300BEBB1C /* iDonateTests.swift */,
			);
			path = iDonateTests;
			sourceTree = "<group>";
		};
		7A6E40B52851203300BEBB1C /* iDonateUITests */ = {
			isa = PBXGroup;
			children = (
				7A6E40B62851203300BEBB1C /* iDonateUITests.swift */,
				7A6E40B82851203300BEBB1C /* iDonateUITestsLaunchTests.swift */,
			);
			path = iDonateUITests;
			sourceTree = "<group>";
		};
/* End PBXGroup section */

/* Begin PBXNativeTarget section */
		7A6E40972851203000BEBB1C /* iDonate */ = {
			isa = PBXNativeTarget;
			buildConfigurationList = 7A6E40BC2851203300BEBB1C /* Build configuration list for PBXNativeTarget "iDonate" */;
			buildPhases = (
				7A6E40942851203000BEBB1C /* Sources */,
				7A6E40952851203000BEBB1C /* Frameworks */,
				7A6E40962851203000BEBB1C /* Resources */,
			);
			buildRules = (
			);
			dependencies = (
			);
			name = iDonate;
			productName = iDonate;
			productReference = 7A6E40982851203000BEBB1C /* iDonate.app */;
			productType = "com.apple.product-type.application";
		};
		7A6E40A72851203300BEBB1C /* iDonateTests */ = {
			isa = PBXNativeTarget;
			buildConfigurationList = 7A6E40BF2851203300BEBB1C /* Build configuration list for PBXNativeTarget "iDonateTests" */;
			buildPhases = (
				7A6E40A42851203300BEBB1C /* Sources */,
				7A6E40A52851203300BEBB1C /* Frameworks */,
				7A6E40A62851203300BEBB1C /* Resources */,
			);
			buildRules = (
			);
			dependencies = (
				7A6E40AA2851203300BEBB1C /* PBXTargetDependency */,
			);
			name = iDonateTests;
			productName = iDonateTests;
			productReference = 7A6E40A82851203300BEBB1C /* iDonateTests.xctest */;
			productType = "com.apple.product-type.bundle.unit-test";
		};
		7A6E40B12851203300BEBB1C /* iDonateUITests */ = {
			isa = PBXNativeTarget;
			buildConfigurationList = 7A6E40C22851203300BEBB1C /* Build configuration list for PBXNativeTarget "iDonateUITests" */;
			buildPhases = (
				7A6E40AE2851203300BEBB1C /* Sources */,
				7A6E40AF2851203300BEBB1C /* Frameworks */,
				7A6E40B02851203300BEBB1C /* Resources */,
			);
			buildRules = (
			);
			dependencies = (
				7A6E40B42851203300BEBB1C /* PBXTargetDependency */,
			);
			name = iDonateUITests;
			productName = iDonateUITests;
			productReference = 7A6E40B22851203300BEBB1C /* iDonateUITests.xctest */;
			productType = "com.apple.product-type.bundle.ui-testing";
		};
/* End PBXNativeTarget section */

/* Begin PBXProject section */
		7A6E40902851203000BEBB1C /* Project object */ = {
			isa = PBXProject;
			attributes = {
				BuildIndependentTargetsInParallel = 1;
				LastSwiftUpdateCheck = 1340;
				LastUpgradeCheck = 1340;
				TargetAttributes = {
					7A6E40972851203000BEBB1C = {
						CreatedOnToolsVersion = 13.4;
					};
					7A6E40A72851203300BEBB1C = {
						CreatedOnToolsVersion = 13.4;
						TestTargetID = 7A6E40972851203000BEBB1C;
					};
					7A6E40B12851203300BEBB1C = {
						CreatedOnToolsVersion = 13.4;
						TestTargetID = 7A6E40972851203000BEBB1C;
					};
				};
			};
			buildConfigurationList = 7A6E40932851203000BEBB1C /* Build configuration list for PBXProject "iDonate" */;
			compatibilityVersion = "Xcode 13.0";
			developmentRegion = en;
			hasScannedForEncodings = 0;
			knownRegions = (
				en,
				Base,
			);
			mainGroup = 7A6E408F2851203000BEBB1C;
			productRefGroup = 7A6E40992851203000BEBB1C /* Products */;
			projectDirPath = "";
			projectRoot = "";
			targets = (
				7A6E40972851203000BEBB1C /* iDonate */,
				7A6E40A72851203300BEBB1C /* iDonateTests */,
				7A6E40B12851203300BEBB1C /* iDonateUITests */,
			);
		};
/* End PBXProject section */

/* Begin PBXResourcesBuildPhase section */
		7A6E40962851203000BEBB1C /* Resources */ = {
			isa = PBXResourcesBuildPhase;
			buildActionMask = 2147483647;
			files = (
				7A6E40A32851203200BEBB1C /* Preview Assets.xcassets in Resources */,
				7A6E40C62851206A00BEBB1C /* .gitignore in Resources */,
				7A6E40A02851203200BEBB1C /* Assets.xcassets in Resources */,
				7A6E40C82851209900BEBB1C /* .gitattributes in Resources */,
			);
			runOnlyForDeploymentPostprocessing = 0;
		};
		7A6E40A62851203300BEBB1C /* Resources */ = {
			isa = PBXResourcesBuildPhase;
			buildActionMask = 2147483647;
			files = (
			);
			runOnlyForDeploymentPostprocessing = 0;
		};
		7A6E40B02851203300BEBB1C /* Resources */ = {
			isa = PBXResourcesBuildPhase;
			buildActionMask = 2147483647;
			files = (
			);
			runOnlyForDeploymentPostprocessing = 0;
		};
/* End PBXResourcesBuildPhase section */

/* Begin PBXSourcesBuildPhase section */
		7A6E40942851203000BEBB1C /* Sources */ = {
			isa = PBXSourcesBuildPhase;
			buildActionMask = 2147483647;
			files = (
				7A6E40CA285122A600BEBB1C /* FoodRecommendations.swift in Sources */,
				7A6E409E2851203000BEBB1C /* ContentView.swift in Sources */,
				7A6E409C2851203000BEBB1C /* iDonateApp.swift in Sources */,
				7A6E41022856C5A700BEBB1C /* FoodData.swift in Sources */,
				7A6E41062856E8A800BEBB1C /* Recipe.swift in Sources */,
				7A641E5D2868F571003F4C41 /* RecipeWebView.swift in Sources */,
				7A6E4108285A606300BEBB1C /* RecommendationDisplay.swift in Sources */,
				7A641E612869562C003F4C41 /* SavedRecipe.swift in Sources */,
			);
			runOnlyForDeploymentPostprocessing = 0;
		};
		7A6E40A42851203300BEBB1C /* Sources */ = {
			isa = PBXSourcesBuildPhase;
			buildActionMask = 2147483647;
			files = (
				7A6E40AD2851203300BEBB1C /* iDonateTests.swift in Sources */,
			);
			runOnlyForDeploymentPostprocessing = 0;
		};
		7A6E40AE2851203300BEBB1C /* Sources */ = {
			isa = PBXSourcesBuildPhase;
			buildActionMask = 2147483647;
			files = (
				7A6E40B72851203300BEBB1C /* iDonateUITests.swift in Sources */,
				7A6E40B92851203300BEBB1C /* iDonateUITestsLaunchTests.swift in Sources */,
			);
			runOnlyForDeploymentPostprocessing = 0;
		};
/* End PBXSourcesBuildPhase section */

/* Begin PBXTargetDependency section */
		7A6E40AA2851203300BEBB1C /* PBXTargetDependency */ = {
			isa = PBXTargetDependency;
			target = 7A6E40972851203000BEBB1C /* iDonate */;
			targetProxy = 7A6E40A92851203300BEBB1C /* PBXContainerItemProxy */;
		};
		7A6E40B42851203300BEBB1C /* PBXTargetDependency */ = {
			isa = PBXTargetDependency;
			target = 7A6E40972851203000BEBB1C /* iDonate */;
			targetProxy = 7A6E40B32851203300BEBB1C /* PBXContainerItemProxy */;
		};
/* End PBXTargetDependency section */

/* Begin XCBuildConfiguration section */
		7A6E40BA2851203300BEBB1C /* Debug */ = {
			isa = XCBuildConfiguration;
			buildSettings = {
				ALWAYS_SEARCH_USER_PATHS = NO;
				CLANG_ANALYZER_NONNULL = YES;
				CLANG_ANALYZER_NUMBER_OBJECT_CONVERSION = YES_AGGRESSIVE;
				CLANG_CXX_LANGUAGE_STANDARD = "gnu++17";
				CLANG_ENABLE_MODULES = YES;
				CLANG_ENABLE_OBJC_ARC = YES;
				CLANG_ENABLE_OBJC_WEAK = YES;
				CLANG_WARN_BLOCK_CAPTURE_AUTORELEASING = YES;
				CLANG_WARN_BOOL_CONVERSION = YES;
				CLANG_WARN_COMMA = YES;
				CLANG_WARN_CONSTANT_CONVERSION = YES;
				CLANG_WARN_DEPRECATED_OBJC_IMPLEMENTATIONS = YES;
				CLANG_WARN_DIRECT_OBJC_ISA_USAGE = YES_ERROR;
				CLANG_WARN_DOCUMENTATION_COMMENTS = YES;
				CLANG_WARN_EMPTY_BODY = YES;
				CLANG_WARN_ENUM_CONVERSION = YES;
				CLANG_WARN_INFINITE_RECURSION = YES;
				CLANG_WARN_INT_CONVERSION = YES;
				CLANG_WARN_NON_LITERAL_NULL_CONVERSION = YES;
				CLANG_WARN_OBJC_IMPLICIT_RETAIN_SELF = YES;
				CLANG_WARN_OBJC_LITERAL_CONVERSION = YES;
				CLANG_WARN_OBJC_ROOT_CLASS = YES_ERROR;
				CLANG_WARN_QUOTED_INCLUDE_IN_FRAMEWORK_HEADER = YES;
				CLANG_WARN_RANGE_LOOP_ANALYSIS = YES;
				CLANG_WARN_STRICT_PROTOTYPES = YES;
				CLANG_WARN_SUSPICIOUS_MOVE = YES;
				CLANG_WARN_UNGUARDED_AVAILABILITY = YES_AGGRESSIVE;
				CLANG_WARN_UNREACHABLE_CODE = YES;
				CLANG_WARN__DUPLICATE_METHOD_MATCH = YES;
				COPY_PHASE_STRIP = NO;
				DEBUG_INFORMATION_FORMAT = dwarf;
				ENABLE_STRICT_OBJC_MSGSEND = YES;
				ENABLE_TESTABILITY = YES;
				GCC_C_LANGUAGE_STANDARD = gnu11;
				GCC_DYNAMIC_NO_PIC = NO;
				GCC_NO_COMMON_BLOCKS = YES;
				GCC_OPTIMIZATION_LEVEL = 0;
				GCC_PREPROCESSOR_DEFINITIONS = (
					"DEBUG=1",
					"$(inherited)",
				);
				GCC_WARN_64_TO_32_BIT_CONVERSION = YES;
				GCC_WARN_ABOUT_RETURN_TYPE = YES_ERROR;
				GCC_WARN_UNDECLARED_SELECTOR = YES;
				GCC_WARN_UNINITIALIZED_AUTOS = YES_AGGRESSIVE;
				GCC_WARN_UNUSED_FUNCTION = YES;
				GCC_WARN_UNUSED_VARIABLE = YES;
				IPHONEOS_DEPLOYMENT_TARGET = 15.5;
				MTL_ENABLE_DEBUG_INFO = INCLUDE_SOURCE;
				MTL_FAST_MATH = YES;
				ONLY_ACTIVE_ARCH = YES;
				SDKROOT = iphoneos;
				SWIFT_ACTIVE_COMPILATION_CONDITIONS = DEBUG;
				SWIFT_OPTIMIZATION_LEVEL = "-Onone";
			};
			name = Debug;
		};
		7A6E40BB2851203300BEBB1C /* Release */ = {
			isa = XCBuildConfiguration;
			buildSettings = {
				ALWAYS_SEARCH_USER_PATHS = NO;
				CLANG_ANALYZER_NONNULL = YES;
				CLANG_ANALYZER_NUMBER_OBJECT_CONVERSION = YES_AGGRESSIVE;
				CLANG_CXX_LANGUAGE_STANDARD = "gnu++17";
				CLANG_ENABLE_MODULES = YES;
				CLANG_ENABLE_OBJC_ARC = YES;
				CLANG_ENABLE_OBJC_WEAK = YES;
				CLANG_WARN_BLOCK_CAPTURE_AUTORELEASING = YES;
				CLANG_WARN_BOOL_CONVERSION = YES;
				CLANG_WARN_COMMA = YES;
				CLANG_WARN_CONSTANT_CONVERSION = YES;
				CLANG_WARN_DEPRECATED_OBJC_IMPLEMENTATIONS = YES;
				CLANG_WARN_DIRECT_OBJC_ISA_USAGE = YES_ERROR;
				CLANG_WARN_DOCUMENTATION_COMMENTS = YES;
				CLANG_WARN_EMPTY_BODY = YES;
				CLANG_WARN_ENUM_CONVERSION = YES;
				CLANG_WARN_INFINITE_RECURSION = YES;
				CLANG_WARN_INT_CONVERSION = YES;
				CLANG_WARN_NON_LITERAL_NULL_CONVERSION = YES;
				CLANG_WARN_OBJC_IMPLICIT_RETAIN_SELF = YES;
				CLANG_WARN_OBJC_LITERAL_CONVERSION = YES;
				CLANG_WARN_OBJC_ROOT_CLASS = YES_ERROR;
				CLANG_WARN_QUOTED_INCLUDE_IN_FRAMEWORK_HEADER = YES;
				CLANG_WARN_RANGE_LOOP_ANALYSIS = YES;
				CLANG_WARN_STRICT_PROTOTYPES = YES;
				CLANG_WARN_SUSPICIOUS_MOVE = YES;
				CLANG_WARN_UNGUARDED_AVAILABILITY = YES_AGGRESSIVE;
				CLANG_WARN_UNREACHABLE_CODE = YES;
				CLANG_WARN__DUPLICATE_METHOD_MATCH = YES;
				COPY_PHASE_STRIP = NO;
				DEBUG_INFORMATION_FORMAT = "dwarf-with-dsym";
				ENABLE_NS_ASSERTIONS = NO;
				ENABLE_STRICT_OBJC_MSGSEND = YES;
				GCC_C_LANGUAGE_STANDARD = gnu11;
				GCC_NO_COMMON_BLOCKS = YES;
				GCC_WARN_64_TO_32_BIT_CONVERSION = YES;
				GCC_WARN_ABOUT_RETURN_TYPE = YES_ERROR;
				GCC_WARN_UNDECLARED_SELECTOR = YES;
				GCC_WARN_UNINITIALIZED_AUTOS = YES_AGGRESSIVE;
				GCC_WARN_UNUSED_FUNCTION = YES;
				GCC_WARN_UNUSED_VARIABLE = YES;
				IPHONEOS_DEPLOYMENT_TARGET = 15.5;
				MTL_ENABLE_DEBUG_INFO = NO;
				MTL_FAST_MATH = YES;
				SDKROOT = iphoneos;
				SWIFT_COMPILATION_MODE = wholemodule;
				SWIFT_OPTIMIZATION_LEVEL = "-O";
				VALIDATE_PRODUCT = YES;
			};
			name = Release;
		};
		7A6E40BD2851203300BEBB1C /* Debug */ = {
			isa = XCBuildConfiguration;
			buildSettings = {
				ASSETCATALOG_COMPILER_APPICON_NAME = AppIcon;
				ASSETCATALOG_COMPILER_GLOBAL_ACCENT_COLOR_NAME = AccentColor;
				CODE_SIGN_STYLE = Automatic;
				CURRENT_PROJECT_VERSION = 1;
				DEVELOPMENT_ASSET_PATHS = "\"iDonate/Preview Content\"";
				ENABLE_PREVIEWS = YES;
				GENERATE_INFOPLIST_FILE = YES;
				INFOPLIST_KEY_UIApplicationSceneManifest_Generation = YES;
				INFOPLIST_KEY_UIApplicationSupportsIndirectInputEvents = YES;
				INFOPLIST_KEY_UILaunchScreen_Generation = YES;
				INFOPLIST_KEY_UISupportedInterfaceOrientations_iPad = "UIInterfaceOrientationPortrait UIInterfaceOrientationPortraitUpsideDown UIInterfaceOrientationLandscapeLeft UIInterfaceOrientationLandscapeRight";
				INFOPLIST_KEY_UISupportedInterfaceOrientations_iPhone = "UIInterfaceOrientationPortrait UIInterfaceOrientationLandscapeLeft UIInterfaceOrientationLandscapeRight";
				LD_RUNPATH_SEARCH_PATHS = (
					"$(inherited)",
					"@executable_path/Frameworks",
				);
				MARKETING_VERSION = 1.0;
				PRODUCT_BUNDLE_IDENTIFIER = edu.fullerton.ecs.idonate.iDonate;
				PRODUCT_NAME = "$(TARGET_NAME)";
				SWIFT_EMIT_LOC_STRINGS = YES;
				SWIFT_VERSION = 5.0;
				TARGETED_DEVICE_FAMILY = "1,2";
			};
			name = Debug;
		};
		7A6E40BE2851203300BEBB1C /* Release */ = {
			isa = XCBuildConfiguration;
			buildSettings = {
				ASSETCATALOG_COMPILER_APPICON_NAME = AppIcon;
				ASSETCATALOG_COMPILER_GLOBAL_ACCENT_COLOR_NAME = AccentColor;
				CODE_SIGN_STYLE = Automatic;
				CURRENT_PROJECT_VERSION = 1;
				DEVELOPMENT_ASSET_PATHS = "\"iDonate/Preview Content\"";
				ENABLE_PREVIEWS = YES;
				GENERATE_INFOPLIST_FILE = YES;
				INFOPLIST_KEY_UIApplicationSceneManifest_Generation = YES;
				INFOPLIST_KEY_UIApplicationSupportsIndirectInputEvents = YES;
				INFOPLIST_KEY_UILaunchScreen_Generation = YES;
				INFOPLIST_KEY_UISupportedInterfaceOrientations_iPad = "UIInterfaceOrientationPortrait UIInterfaceOrientationPortraitUpsideDown UIInterfaceOrientationLandscapeLeft UIInterfaceOrientationLandscapeRight";
				INFOPLIST_KEY_UISupportedInterfaceOrientations_iPhone = "UIInterfaceOrientationPortrait UIInterfaceOrientationLandscapeLeft UIInterfaceOrientationLandscapeRight";
				LD_RUNPATH_SEARCH_PATHS = (
					"$(inherited)",
					"@executable_path/Frameworks",
				);
				MARKETING_VERSION = 1.0;
				PRODUCT_BUNDLE_IDENTIFIER = edu.fullerton.ecs.idonate.iDonate;
				PRODUCT_NAME = "$(TARGET_NAME)";
				SWIFT_EMIT_LOC_STRINGS = YES;
				SWIFT_VERSION = 5.0;
				TARGETED_DEVICE_FAMILY = "1,2";
			};
			name = Release;
		};
		7A6E40C02851203300BEBB1C /* Debug */ = {
			isa = XCBuildConfiguration;
			buildSettings = {
				ALWAYS_EMBED_SWIFT_STANDARD_LIBRARIES = YES;
				BUNDLE_LOADER = "$(TEST_HOST)";
				CODE_SIGN_STYLE = Automatic;
				CURRENT_PROJECT_VERSION = 1;
				GENERATE_INFOPLIST_FILE = YES;
				IPHONEOS_DEPLOYMENT_TARGET = 15.5;
				MARKETING_VERSION = 1.0;
				PRODUCT_BUNDLE_IDENTIFIER = edu.fullerton.ecs.idonate.iDonateTests;
				PRODUCT_NAME = "$(TARGET_NAME)";
				SWIFT_EMIT_LOC_STRINGS = NO;
				SWIFT_VERSION = 5.0;
				TARGETED_DEVICE_FAMILY = "1,2";
				TEST_HOST = "$(BUILT_PRODUCTS_DIR)/iDonate.app/iDonate";
			};
			name = Debug;
		};
		7A6E40C12851203300BEBB1C /* Release */ = {
			isa = XCBuildConfiguration;
			buildSettings = {
				ALWAYS_EMBED_SWIFT_STANDARD_LIBRARIES = YES;
				BUNDLE_LOADER = "$(TEST_HOST)";
				CODE_SIGN_STYLE = Automatic;
				CURRENT_PROJECT_VERSION = 1;
				GENERATE_INFOPLIST_FILE = YES;
				IPHONEOS_DEPLOYMENT_TARGET = 15.5;
				MARKETING_VERSION = 1.0;
				PRODUCT_BUNDLE_IDENTIFIER = edu.fullerton.ecs.idonate.iDonateTests;
				PRODUCT_NAME = "$(TARGET_NAME)";
				SWIFT_EMIT_LOC_STRINGS = NO;
				SWIFT_VERSION = 5.0;
				TARGETED_DEVICE_FAMILY = "1,2";
				TEST_HOST = "$(BUILT_PRODUCTS_DIR)/iDonate.app/iDonate";
			};
			name = Release;
		};
		7A6E40C32851203300BEBB1C /* Debug */ = {
			isa = XCBuildConfiguration;
			buildSettings = {
				ALWAYS_EMBED_SWIFT_STANDARD_LIBRARIES = YES;
				CODE_SIGN_STYLE = Automatic;
				CURRENT_PROJECT_VERSION = 1;
				GENERATE_INFOPLIST_FILE = YES;
				MARKETING_VERSION = 1.0;
				PRODUCT_BUNDLE_IDENTIFIER = edu.fullerton.ecs.idonate.iDonateUITests;
				PRODUCT_NAME = "$(TARGET_NAME)";
				SWIFT_EMIT_LOC_STRINGS = NO;
				SWIFT_VERSION = 5.0;
				TARGETED_DEVICE_FAMILY = "1,2";
				TEST_TARGET_NAME = iDonate;
			};
			name = Debug;
		};
		7A6E40C42851203300BEBB1C /* Release */ = {
			isa = XCBuildConfiguration;
			buildSettings = {
				ALWAYS_EMBED_SWIFT_STANDARD_LIBRARIES = YES;
				CODE_SIGN_STYLE = Automatic;
				CURRENT_PROJECT_VERSION = 1;
				GENERATE_INFOPLIST_FILE = YES;
				MARKETING_VERSION = 1.0;
				PRODUCT_BUNDLE_IDENTIFIER = edu.fullerton.ecs.idonate.iDonateUITests;
				PRODUCT_NAME = "$(TARGET_NAME)";
				SWIFT_EMIT_LOC_STRINGS = NO;
				SWIFT_VERSION = 5.0;
				TARGETED_DEVICE_FAMILY = "1,2";
				TEST_TARGET_NAME = iDonate;
			};
			name = Release;
		};
/* End XCBuildConfiguration section */

/* Begin XCConfigurationList section */
		7A6E40932851203000BEBB1C /* Build configuration list for PBXProject "iDonate" */ = {
			isa = XCConfigurationList;
			buildConfigurations = (
				7A6E40BA2851203300BEBB1C /* Debug */,
				7A6E40BB2851203300BEBB1C /* Release */,
			);
			defaultConfigurationIsVisible = 0;
			defaultConfigurationName = Release;
		};
		7A6E40BC2851203300BEBB1C /* Build configuration list for PBXNativeTarget "iDonate" */ = {
			isa = XCConfigurationList;
			buildConfigurations = (
				7A6E40BD2851203300BEBB1C /* Debug */,
				7A6E40BE2851203300BEBB1C /* Release */,
			);
			defaultConfigurationIsVisible = 0;
			defaultConfigurationName = Release;
		};
		7A6E40BF2851203300BEBB1C /* Build configuration list for PBXNativeTarget "iDonateTests" */ = {
			isa = XCConfigurationList;
			buildConfigurations = (
				7A6E40C02851203300BEBB1C /* Debug */,
				7A6E40C12851203300BEBB1C /* Release */,
			);
			defaultConfigurationIsVisible = 0;
			defaultConfigurationName = Release;
		};
		7A6E40C22851203300BEBB1C /* Build configuration list for PBXNativeTarget "iDonateUITests" */ = {
			isa = XCConfigurationList;
			buildConfigurations = (
				7A6E40C32851203300BEBB1C /* Debug */,
				7A6E40C42851203300BEBB1C /* Release */,
			);
			defaultConfigurationIsVisible = 0;
			defaultConfigurationName = Release;
		};
/* End XCConfigurationList section */
	};
	rootObject = 7A6E40902851203000BEBB1C /* Project object */;
}
